{
  "version": 4,
  "terraform_version": "1.9.6",
  "serial": 855,
  "lineage": "95ac5410-6540-d5f6-006c-f8b42dccc14a",
  "outputs": {
    "jenkins_url": {
      "value": "http://13.61.10.128:8080",
      "type": "string"
    }
  },
  "resources": [
    {
      "mode": "managed",
      "type": "aws_iam_instance_profile",
      "name": "jenkins_master_profile",
      "provider": "provider[\"registry.terraform.io/hashicorp/aws\"]",
      "instances": [
        {
          "schema_version": 0,
          "attributes": {
            "arn": "arn:aws:iam::911167899001:instance-profile/jenkins-master-profile",
            "create_date": "2024-10-15T02:16:30Z",
            "id": "jenkins-master-profile",
            "name": "jenkins-master-profile",
            "name_prefix": "",
            "path": "/",
            "role": "jenkins-role",
            "tags": {},
            "tags_all": {},
            "unique_id": "AIPA5IJOWYV4WSISX4TK2"
          },
          "sensitive_attributes": [],
          "private": "bnVsbA==",
          "dependencies": [
            "aws_iam_role.jenkins_role"
          ]
        }
      ]
    },
    {
      "mode": "managed",
      "type": "aws_iam_role",
      "name": "jenkins_role",
      "provider": "provider[\"registry.terraform.io/hashicorp/aws\"]",
      "instances": [
        {
          "schema_version": 0,
          "attributes": {
            "arn": "arn:aws:iam::911167899001:role/jenkins-role",
            "assume_role_policy": "{\"Statement\":[{\"Action\":\"sts:AssumeRole\",\"Effect\":\"Allow\",\"Principal\":{\"Service\":\"ec2.amazonaws.com\"}}],\"Version\":\"2012-10-17\"}",
            "create_date": "2024-10-15T02:16:29Z",
            "description": "",
            "force_detach_policies": false,
            "id": "jenkins-role",
            "inline_policy": [],
            "managed_policy_arns": [
              "arn:aws:iam::aws:policy/AmazonEC2FullAccess"
            ],
            "max_session_duration": 3600,
            "name": "jenkins-role",
            "name_prefix": "",
            "path": "/",
            "permissions_boundary": "",
            "tags": {},
            "tags_all": {},
            "unique_id": "AROA5IJOWYV4SBTGCN4U2"
          },
          "sensitive_attributes": [],
          "private": "bnVsbA=="
        }
      ]
    },
    {
      "mode": "managed",
      "type": "aws_iam_role_policy_attachment",
      "name": "jenkins_ec2_policy_attachment",
      "provider": "provider[\"registry.terraform.io/hashicorp/aws\"]",
      "instances": [
        {
          "schema_version": 0,
          "attributes": {
            "id": "jenkins-role-20241015021631019400000001",
            "policy_arn": "arn:aws:iam::aws:policy/AmazonEC2FullAccess",
            "role": "jenkins-role"
          },
          "sensitive_attributes": [],
          "private": "bnVsbA==",
          "dependencies": [
            "aws_iam_role.jenkins_role"
          ]
        }
      ]
    },
    {
      "mode": "managed",
      "type": "aws_instance",
      "name": "jenkins_master",
      "provider": "provider[\"registry.terraform.io/hashicorp/aws\"]",
      "instances": [
        {
          "schema_version": 1,
          "attributes": {
            "ami": "ami-097c5c21a18dc59ea",
            "arn": "arn:aws:ec2:eu-north-1:911167899001:instance/i-0a7e5bd43d74ab420",
            "associate_public_ip_address": true,
            "availability_zone": "eu-north-1b",
            "capacity_reservation_specification": [
              {
                "capacity_reservation_preference": "open",
                "capacity_reservation_target": []
              }
            ],
            "cpu_core_count": 1,
            "cpu_options": [
              {
                "amd_sev_snp": "",
                "core_count": 1,
                "threads_per_core": 2
              }
            ],
            "cpu_threads_per_core": 2,
            "credit_specification": [
              {
                "cpu_credits": "unlimited"
              }
            ],
            "disable_api_stop": false,
            "disable_api_termination": false,
            "ebs_block_device": [],
            "ebs_optimized": false,
            "enclave_options": [
              {
                "enabled": false
              }
            ],
            "ephemeral_block_device": [],
            "get_password_data": false,
            "hibernation": false,
            "host_id": "",
            "host_resource_group_arn": null,
            "iam_instance_profile": "jenkins-master-profile",
            "id": "i-0a7e5bd43d74ab420",
            "instance_initiated_shutdown_behavior": "stop",
            "instance_lifecycle": "",
            "instance_market_options": [],
            "instance_state": "running",
            "instance_type": "t3.micro",
            "ipv6_address_count": 0,
            "ipv6_addresses": [],
            "key_name": "",
            "launch_template": [],
            "maintenance_options": [
              {
                "auto_recovery": "default"
              }
            ],
            "metadata_options": [
              {
                "http_endpoint": "enabled",
                "http_protocol_ipv6": "disabled",
                "http_put_response_hop_limit": 2,
                "http_tokens": "required",
                "instance_metadata_tags": "disabled"
              }
            ],
            "monitoring": false,
            "network_interface": [],
            "outpost_arn": "",
            "password_data": "",
            "placement_group": "",
            "placement_partition_number": 0,
            "primary_network_interface_id": "eni-025709cb9cc74effe",
            "private_dns": "ip-10-0-1-15.eu-north-1.compute.internal",
            "private_dns_name_options": [
              {
                "enable_resource_name_dns_a_record": false,
                "enable_resource_name_dns_aaaa_record": false,
                "hostname_type": "ip-name"
              }
            ],
            "private_ip": "10.0.1.15",
            "public_dns": "",
            "public_ip": "13.61.10.128",
            "root_block_device": [
              {
                "delete_on_termination": true,
                "device_name": "/dev/xvda",
                "encrypted": false,
                "iops": 3000,
                "kms_key_id": "",
                "tags": {},
                "tags_all": {},
                "throughput": 125,
                "volume_id": "vol-01bc5bf295cf9c35c",
                "volume_size": 8,
                "volume_type": "gp3"
              }
            ],
            "secondary_private_ips": [],
            "security_groups": [
              "sg-0bd79f8c6705ebcbc"
            ],
            "source_dest_check": true,
            "spot_instance_request_id": "",
            "subnet_id": "subnet-0c6d529720ce9e7cc",
            "tags": null,
            "tags_all": {},
            "tenancy": "default",
            "timeouts": null,
            "user_data": "0b8095ed896b0c4eeda0d30415a6900d7f9c0c66",
            "user_data_base64": null,
            "user_data_replace_on_change": false,
            "volume_tags": null,
            "vpc_security_group_ids": [
              "sg-0bd79f8c6705ebcbc"
            ]
          },
          "sensitive_attributes": [],
          "private": "eyJlMmJmYjczMC1lY2FhLTExZTYtOGY4OC0zNDM2M2JjN2M0YzAiOnsiY3JlYXRlIjo2MDAwMDAwMDAwMDAsImRlbGV0ZSI6MTIwMDAwMDAwMDAwMCwicmVhZCI6OTAwMDAwMDAwMDAwLCJ1cGRhdGUiOjYwMDAwMDAwMDAwMH0sInNjaGVtYV92ZXJzaW9uIjoiMSJ9",
          "dependencies": [
            "aws_iam_instance_profile.jenkins_master_profile",
            "aws_iam_role.jenkins_role",
            "aws_security_group.jenkins_master_sg",
            "aws_subnet.sub1",
            "aws_vpc.testing",
            "tls_private_key.jenkins_key"
          ]
        }
      ]
    },
    {
      "mode": "managed",
      "type": "aws_internet_gateway",
      "name": "jenkins_gw",
      "provider": "provider[\"registry.terraform.io/hashicorp/aws\"]",
      "instances": [
        {
          "schema_version": 0,
          "attributes": {
            "arn": "arn:aws:ec2:eu-north-1:911167899001:internet-gateway/igw-0ccad2f51a66427b3",
            "id": "igw-0ccad2f51a66427b3",
            "owner_id": "911167899001",
            "tags": {},
            "tags_all": {},
            "timeouts": null,
            "vpc_id": "vpc-0d7f8b732d31fa36c"
          },
          "sensitive_attributes": [],
          "private": "eyJlMmJmYjczMC1lY2FhLTExZTYtOGY4OC0zNDM2M2JjN2M0YzAiOnsiY3JlYXRlIjoxMjAwMDAwMDAwMDAwLCJkZWxldGUiOjEyMDAwMDAwMDAwMDAsInVwZGF0ZSI6MTIwMDAwMDAwMDAwMH19",
          "dependencies": [
            "aws_vpc.testing"
          ]
        }
      ]
    },
    {
      "mode": "managed",
      "type": "aws_route_table",
      "name": "public",
      "provider": "provider[\"registry.terraform.io/hashicorp/aws\"]",
      "instances": [
        {
          "schema_version": 0,
          "attributes": {
            "arn": "arn:aws:ec2:eu-north-1:911167899001:route-table/rtb-0f4dbd843ef5afa77",
            "id": "rtb-0f4dbd843ef5afa77",
            "owner_id": "911167899001",
            "propagating_vgws": [],
            "route": [
              {
                "carrier_gateway_id": "",
                "cidr_block": "0.0.0.0/0",
                "core_network_arn": "",
                "destination_prefix_list_id": "",
                "egress_only_gateway_id": "",
                "gateway_id": "igw-0ccad2f51a66427b3",
                "ipv6_cidr_block": "",
                "local_gateway_id": "",
                "nat_gateway_id": "",
                "network_interface_id": "",
                "transit_gateway_id": "",
                "vpc_endpoint_id": "",
                "vpc_peering_connection_id": ""
              }
            ],
            "tags": {},
            "tags_all": {},
            "timeouts": null,
            "vpc_id": "vpc-0d7f8b732d31fa36c"
          },
          "sensitive_attributes": [],
          "private": "eyJlMmJmYjczMC1lY2FhLTExZTYtOGY4OC0zNDM2M2JjN2M0YzAiOnsiY3JlYXRlIjozMDAwMDAwMDAwMDAsImRlbGV0ZSI6MzAwMDAwMDAwMDAwLCJ1cGRhdGUiOjEyMDAwMDAwMDAwMH19",
          "dependencies": [
            "aws_internet_gateway.jenkins_gw",
            "aws_vpc.testing"
          ]
        }
      ]
    },
    {
      "mode": "managed",
      "type": "aws_route_table_association",
      "name": "association",
      "provider": "provider[\"registry.terraform.io/hashicorp/aws\"]",
      "instances": [
        {
          "schema_version": 0,
          "attributes": {
            "gateway_id": "",
            "id": "rtbassoc-096f5b08a47e6585c",
            "route_table_id": "rtb-0f4dbd843ef5afa77",
            "subnet_id": "subnet-0c6d529720ce9e7cc",
            "timeouts": null
          },
          "sensitive_attributes": [],
          "private": "eyJlMmJmYjczMC1lY2FhLTExZTYtOGY4OC0zNDM2M2JjN2M0YzAiOnsiY3JlYXRlIjozMDAwMDAwMDAwMDAsImRlbGV0ZSI6MzAwMDAwMDAwMDAwLCJ1cGRhdGUiOjEyMDAwMDAwMDAwMH19",
          "dependencies": [
            "aws_internet_gateway.jenkins_gw",
            "aws_route_table.public",
            "aws_subnet.sub1",
            "aws_vpc.testing"
          ]
        }
      ]
    },
    {
      "mode": "managed",
      "type": "aws_security_group",
      "name": "jenkins_master_sg",
      "provider": "provider[\"registry.terraform.io/hashicorp/aws\"]",
      "instances": [
        {
          "schema_version": 1,
          "attributes": {
            "arn": "arn:aws:ec2:eu-north-1:911167899001:security-group/sg-0bd79f8c6705ebcbc",
            "description": "Managed by Terraform",
            "egress": [
              {
                "cidr_blocks": [
                  "0.0.0.0/0"
                ],
                "description": "",
                "from_port": 0,
                "ipv6_cidr_blocks": [],
                "prefix_list_ids": [],
                "protocol": "-1",
                "security_groups": [],
                "self": false,
                "to_port": 0
              }
            ],
            "id": "sg-0bd79f8c6705ebcbc",
            "ingress": [
              {
                "cidr_blocks": [
                  "0.0.0.0/0"
                ],
                "description": "",
                "from_port": 22,
                "ipv6_cidr_blocks": [],
                "prefix_list_ids": [],
                "protocol": "tcp",
                "security_groups": [],
                "self": false,
                "to_port": 22
              },
              {
                "cidr_blocks": [
                  "0.0.0.0/0"
                ],
                "description": "",
                "from_port": 8080,
                "ipv6_cidr_blocks": [],
                "prefix_list_ids": [],
                "protocol": "tcp",
                "security_groups": [],
                "self": false,
                "to_port": 8080
              }
            ],
            "name": "terraform-20241015021631683700000002",
            "name_prefix": "terraform-",
            "owner_id": "911167899001",
            "revoke_rules_on_delete": false,
            "tags": {},
            "tags_all": {},
            "timeouts": null,
            "vpc_id": "vpc-0d7f8b732d31fa36c"
          },
          "sensitive_attributes": [],
          "private": "eyJlMmJmYjczMC1lY2FhLTExZTYtOGY4OC0zNDM2M2JjN2M0YzAiOnsiY3JlYXRlIjo2MDAwMDAwMDAwMDAsImRlbGV0ZSI6OTAwMDAwMDAwMDAwfSwic2NoZW1hX3ZlcnNpb24iOiIxIn0=",
          "dependencies": [
            "aws_vpc.testing"
          ]
        }
      ]
    },
    {
      "mode": "managed",
      "type": "aws_subnet",
      "name": "sub1",
      "provider": "provider[\"registry.terraform.io/hashicorp/aws\"]",
      "instances": [
        {
          "schema_version": 1,
          "attributes": {
            "arn": "arn:aws:ec2:eu-north-1:911167899001:subnet/subnet-0c6d529720ce9e7cc",
            "assign_ipv6_address_on_creation": false,
            "availability_zone": "eu-north-1b",
            "availability_zone_id": "eun1-az2",
            "cidr_block": "10.0.1.0/24",
            "customer_owned_ipv4_pool": "",
            "enable_dns64": false,
            "enable_lni_at_device_index": 0,
            "enable_resource_name_dns_a_record_on_launch": false,
            "enable_resource_name_dns_aaaa_record_on_launch": false,
            "id": "subnet-0c6d529720ce9e7cc",
            "ipv6_cidr_block": "",
            "ipv6_cidr_block_association_id": "",
            "ipv6_native": false,
            "map_customer_owned_ip_on_launch": false,
            "map_public_ip_on_launch": true,
            "outpost_arn": "",
            "owner_id": "911167899001",
            "private_dns_hostname_type_on_launch": "ip-name",
            "tags": {},
            "tags_all": {},
            "timeouts": null,
            "vpc_id": "vpc-0d7f8b732d31fa36c"
          },
          "sensitive_attributes": [],
          "private": "eyJlMmJmYjczMC1lY2FhLTExZTYtOGY4OC0zNDM2M2JjN2M0YzAiOnsiY3JlYXRlIjo2MDAwMDAwMDAwMDAsImRlbGV0ZSI6MTIwMDAwMDAwMDAwMH0sInNjaGVtYV92ZXJzaW9uIjoiMSJ9",
          "dependencies": [
            "aws_vpc.testing"
          ]
        }
      ]
    },
    {
      "mode": "managed",
      "type": "aws_vpc",
      "name": "testing",
      "provider": "provider[\"registry.terraform.io/hashicorp/aws\"]",
      "instances": [
        {
          "schema_version": 1,
          "attributes": {
            "arn": "arn:aws:ec2:eu-north-1:911167899001:vpc/vpc-0d7f8b732d31fa36c",
            "assign_generated_ipv6_cidr_block": false,
            "cidr_block": "10.0.0.0/16",
            "default_network_acl_id": "acl-066599e8ecfdad061",
            "default_route_table_id": "rtb-0ffb13df90f244567",
            "default_security_group_id": "sg-06ea5291684a26d28",
            "dhcp_options_id": "dopt-059d1893ae24e1e46",
            "enable_dns_hostnames": false,
            "enable_dns_support": true,
            "enable_network_address_usage_metrics": false,
            "id": "vpc-0d7f8b732d31fa36c",
            "instance_tenancy": "default",
            "ipv4_ipam_pool_id": null,
            "ipv4_netmask_length": null,
            "ipv6_association_id": "",
            "ipv6_cidr_block": "",
            "ipv6_cidr_block_network_border_group": "",
            "ipv6_ipam_pool_id": "",
            "ipv6_netmask_length": 0,
            "main_route_table_id": "rtb-0ffb13df90f244567",
            "owner_id": "911167899001",
            "tags": {
              "Name": "testing-vpc"
            },
            "tags_all": {
              "Name": "testing-vpc"
            }
          },
          "sensitive_attributes": [],
          "private": "eyJzY2hlbWFfdmVyc2lvbiI6IjEifQ=="
        }
      ]
    },
    {
      "mode": "managed",
      "type": "tls_private_key",
      "name": "jenkins_key",
      "provider": "provider[\"registry.terraform.io/hashicorp/tls\"]",
      "instances": [
        {
          "schema_version": 1,
          "attributes": {
            "algorithm": "RSA",
            "ecdsa_curve": "P224",
            "id": "a03010657f4ea2d3612722a66e4e8112e1147f8d",
            "private_key_openssh": "-----BEGIN OPENSSH PRIVATE KEY-----\nb3BlbnNzaC1rZXktdjEAAAAABG5vbmUAAAAEbm9uZQAAAAAAAAABAAACFwAAAAdz\nc2gtcnNhAAAAAwEAAQAAAgEAsVgvxGv124i63MBf4x5AxQwlza6+ntZ3Pjt8jzso\nchENgBL1FAiF5q/3aVYbCWh+tnWYeVnOSufiibzBrfCS5LyUJcQD7EYjknxlPTeT\nrRbjqHlqsl8LWxjyZf/e/EKrgbX6+O++M+G1eWnx0TonykBqE3r3MQ7IPlmn7HR3\n9xXK3ddEGjhTcl9PFErm7sY1gAOzf9e/7jbcGcADpY2ePJCqVBkW9Iwiczdk8jkM\nd/n/cm8qv7ZxlIFSwGMjtBDS+uyrOxFl9XjqSPa1C6AGXwoAumEZydoKahWIccMe\nKflI9MguaJDl9UiZJcBWPoYSYiiQaysDbVeBoZaiSkELM5VAXZA0k43Fo99suBpu\nCMjkD2SGD1OjTPIqAzr71qu6LBfp8dQF8Wb1sBSMYWGmZmv0VfKhbbehbrmN/myd\n9jBQbWlaFH5T49WP9VPIk6K/czZO/Enbou2nvqIKNrdW0FeVw0lU8ULrNzisnQDX\nbMTJIxe8wRFmnOQr/Hud6qUJc+rBsXIR63X809A8k3u/XQRQPHuFDsbbiIT48YB1\n4l+H7tP1Di41Gyiqfb+OaM0vhBIzAg0uNoJk47CE+0ctPa3u7QtC0ZimxphtIMTA\nfa5NFMZXDvXGjqbsjgG5Q65OZGcy51Fywd9RDI5B+aqRTX/oIJ+E9b/6Exzl/1mb\nN3sAAAc43w5p9N8OafQAAAAHc3NoLXJzYQAAAgEAsVgvxGv124i63MBf4x5AxQwl\nza6+ntZ3Pjt8jzsochENgBL1FAiF5q/3aVYbCWh+tnWYeVnOSufiibzBrfCS5LyU\nJcQD7EYjknxlPTeTrRbjqHlqsl8LWxjyZf/e/EKrgbX6+O++M+G1eWnx0TonykBq\nE3r3MQ7IPlmn7HR39xXK3ddEGjhTcl9PFErm7sY1gAOzf9e/7jbcGcADpY2ePJCq\nVBkW9Iwiczdk8jkMd/n/cm8qv7ZxlIFSwGMjtBDS+uyrOxFl9XjqSPa1C6AGXwoA\numEZydoKahWIccMeKflI9MguaJDl9UiZJcBWPoYSYiiQaysDbVeBoZaiSkELM5VA\nXZA0k43Fo99suBpuCMjkD2SGD1OjTPIqAzr71qu6LBfp8dQF8Wb1sBSMYWGmZmv0\nVfKhbbehbrmN/myd9jBQbWlaFH5T49WP9VPIk6K/czZO/Enbou2nvqIKNrdW0FeV\nw0lU8ULrNzisnQDXbMTJIxe8wRFmnOQr/Hud6qUJc+rBsXIR63X809A8k3u/XQRQ\nPHuFDsbbiIT48YB14l+H7tP1Di41Gyiqfb+OaM0vhBIzAg0uNoJk47CE+0ctPa3u\n7QtC0ZimxphtIMTAfa5NFMZXDvXGjqbsjgG5Q65OZGcy51Fywd9RDI5B+aqRTX/o\nIJ+E9b/6Exzl/1mbN3sAAAADAQABAAACAByhM/TtyN8MD76bf99WfvZQo7m0wCk8\nTjvJtq4Yysq/XgKTDOWTCqrXNYXX1L2MFQi3q0nL6bXGAZhi1JGUCOLMXs5J+qgm\nGpAHbQCY/EoxK8eC8mqhVV/7gwZcbE8lJDLogf+2FGqjwXw8UkGIteu8wmMqssVE\nsab/KlDN7KAC8KEno2LoPPB12npYLTfW38Qu1MeKuP1n9dhiWzRazHTSlezFsCMC\njH01MCK6evzTax26PJh+h4+F4SoV1ym2nZjMpEgA4wjh4FCvI0MhLmYhY0SzcEpZ\n3NyLZV+YNEJqcBC0UGmpGraiZbbmegXV9xnJmqbyZrc8LT086C48meYQ6jxdE34j\nc5LKJkyKe1ngiRbgxmOTRaWr1tkAgBzOUY3ZQ/Y4ygnR+/4X2s9uf3Gr2RjeaeVO\ncVMtwCmzR7Mzu3xK0gWkokjG6/8lf/ws2Dpw0uR0r7PuaeNFWf9/wv4Qe7rkYBQc\ncv32Snkk1mFd+AvBcGMSkzfZZodtK79hCOoug/mbmqIj97cMH+owVLSAziOZf/aC\nn04VzYVq8Z3FPVQioGJMjqCv4YzpMjIaud9rc2DSdRfv6vX2PSzAGL6c4T6ssSGo\nKY1ZO6r5zdd4du8NM+wil1LIddMKoCiMn1ucthZwry+mxGzj/ePN3G6pOfkTrQLM\n1Inmae3XQpqBAAABABz2ozSfD+2w0iWsmWh6sl7cjF8f4PoWCollyt2/vopZXCiJ\nX+Ab9/cbbAsWbo9dRMWI0Vy8Yp3RHMaieyJC62SwIr72obsPYEp3eFO+IIWyUwKm\naHrmuNZ5oMsMu0qPUkr1Zpfa+q/BbdwMlNPmDvghbt9gGZc0kCqWWUyz/HUU/UNw\noaVowOJFPxFU3lxDltJgeok2lWAbOWeEym3VtEBAsUCniFRG/xmjxHyE+fy3QJXF\n5hoAMrKIF4Zc1r4LsIjFdJKYXYhdo3HD3cSBj6rtw0w7v7xZJlg5Hr27St5NaiMA\nKpyj+pxYa1FgaB3B/bc0XQgyFZ8riw8VjefgJasAAAEBAObHvB98RHwmhkZLsmzO\nsxVhSiJuowJtg6rppdiRxmjtcmy7X2Bty7aG7V8vEDDPV3Bs+YFKSG+5PW49tOp/\nZkiuWCdrtZCzu+QsnjldE0vzSp0eSJIzqqLJGY5qTo0OJgUbLN4JmTowNvPMydkP\n2UwhW/TG+FDKY3wqvYX14xuEN3XKY4X3LPweBfwBS3AySZwvqkyubm86/XBcOCoH\na5GLHr5zV+65eG0i6Y5Vp/5HVzLqZIav4jYa+4m9aJpVlAoMU8iisglGpJcvVsi2\noJKozUq8/E1bI3vZRCJfi9OwscjoYMWbiQnMCH062Emk2/YtBOd5lkt7cjiG67aI\nZIsAAAEBAMS5ixlsD2iwGIYJJcrawL/sq0Y4/+BT3S4r02IADQIW3A5w4hasT/v6\nnXMLQnKV0gY0fp7DXA3FgPjFUK8XVwIWa3A8XpLXe9PZd2TF2/nGqLfW2nExGexD\n8H3digvVJ6xZmTkvEgt2UjdQTeWvndGqJ+MT31QncPJaE2m5JbcyTyaEUbUG9Rjx\nN57UocKZ1NigOPRj1mIiBr8oyvEF0hoVXQGOXlfZx1qXoFImkwGG2mDQHBPaHyNH\nJr5Fa3InWV1tmD7bAmVjrWgZx4d86XDaM3HZ62YJiMpGNdOonnofSf2Vpv/ZJkzz\nv29Tykbh4ZOWd6BH/37FHqSX4lgNptEAAAAAAQID\n-----END OPENSSH PRIVATE KEY-----\n",
            "private_key_pem": "-----BEGIN RSA PRIVATE KEY-----\nMIIJKAIBAAKCAgEAsVgvxGv124i63MBf4x5AxQwlza6+ntZ3Pjt8jzsochENgBL1\nFAiF5q/3aVYbCWh+tnWYeVnOSufiibzBrfCS5LyUJcQD7EYjknxlPTeTrRbjqHlq\nsl8LWxjyZf/e/EKrgbX6+O++M+G1eWnx0TonykBqE3r3MQ7IPlmn7HR39xXK3ddE\nGjhTcl9PFErm7sY1gAOzf9e/7jbcGcADpY2ePJCqVBkW9Iwiczdk8jkMd/n/cm8q\nv7ZxlIFSwGMjtBDS+uyrOxFl9XjqSPa1C6AGXwoAumEZydoKahWIccMeKflI9Mgu\naJDl9UiZJcBWPoYSYiiQaysDbVeBoZaiSkELM5VAXZA0k43Fo99suBpuCMjkD2SG\nD1OjTPIqAzr71qu6LBfp8dQF8Wb1sBSMYWGmZmv0VfKhbbehbrmN/myd9jBQbWla\nFH5T49WP9VPIk6K/czZO/Enbou2nvqIKNrdW0FeVw0lU8ULrNzisnQDXbMTJIxe8\nwRFmnOQr/Hud6qUJc+rBsXIR63X809A8k3u/XQRQPHuFDsbbiIT48YB14l+H7tP1\nDi41Gyiqfb+OaM0vhBIzAg0uNoJk47CE+0ctPa3u7QtC0ZimxphtIMTAfa5NFMZX\nDvXGjqbsjgG5Q65OZGcy51Fywd9RDI5B+aqRTX/oIJ+E9b/6Exzl/1mbN3sCAwEA\nAQKCAgAcoTP07cjfDA++m3/fVn72UKO5tMApPE47ybauGMrKv14Ckwzlkwqq1zWF\n19S9jBUIt6tJy+m1xgGYYtSRlAjizF7OSfqoJhqQB20AmPxKMSvHgvJqoVVf+4MG\nXGxPJSQy6IH/thRqo8F8PFJBiLXrvMJjKrLFRLGm/ypQzeygAvChJ6Ni6Dzwddp6\nWC031t/ELtTHirj9Z/XYYls0Wsx00pXsxbAjAox9NTAiunr802sdujyYfoePheEq\nFdcptp2YzKRIAOMI4eBQryNDIS5mIWNEs3BKWdzci2VfmDRCanAQtFBpqRq2omW2\n5noF1fcZyZqm8ma3PC09POguPJnmEOo8XRN+I3OSyiZMintZ4IkW4MZjk0Wlq9bZ\nAIAczlGN2UP2OMoJ0fv+F9rPbn9xq9kY3mnlTnFTLcAps0ezM7t8StIFpKJIxuv/\nJX/8LNg6cNLkdK+z7mnjRVn/f8L+EHu65GAUHHL99kp5JNZhXfgLwXBjEpM32WaH\nbSu/YQjqLoP5m5qiI/e3DB/qMFS0gM4jmX/2gp9OFc2FavGdxT1UIqBiTI6gr+GM\n6TIyGrnfa3Ng0nUX7+r19j0swBi+nOE+rLEhqCmNWTuq+c3XeHbvDTPsIpdSyHXT\nCqAojJ9bnLYWcK8vpsRs4/3jzdxuqTn5E60CzNSJ5mnt10KagQKCAQEA5se8H3xE\nfCaGRkuybM6zFWFKIm6jAm2Dquml2JHGaO1ybLtfYG3LtobtXy8QMM9XcGz5gUpI\nb7k9bj206n9mSK5YJ2u1kLO75CyeOV0TS/NKnR5IkjOqoskZjmpOjQ4mBRss3gmZ\nOjA288zJ2Q/ZTCFb9Mb4UMpjfCq9hfXjG4Q3dcpjhfcs/B4F/AFLcDJJnC+qTK5u\nbzr9cFw4KgdrkYsevnNX7rl4bSLpjlWn/kdXMupkhq/iNhr7ib1omlWUCgxTyKKy\nCUakly9WyLagkqjNSrz8TVsje9lEIl+L07CxyOhgxZuJCcwIfTrYSaTb9i0E53mW\nS3tyOIbrtohkiwKCAQEAxLmLGWwPaLAYhgklytrAv+yrRjj/4FPdLivTYgANAhbc\nDnDiFqxP+/qdcwtCcpXSBjR+nsNcDcWA+MVQrxdXAhZrcDxektd709l3ZMXb+cao\nt9bacTEZ7EPwfd2KC9UnrFmZOS8SC3ZSN1BN5a+d0aon4xPfVCdw8loTabkltzJP\nJoRRtQb1GPE3ntShwpnU2KA49GPWYiIGvyjK8QXSGhVdAY5eV9nHWpegUiaTAYba\nYNAcE9ofI0cmvkVrcidZXW2YPtsCZWOtaBnHh3zpcNozcdnrZgmIykY106ieeh9J\n/ZWm/9kmTPO/b1PKRuHhk5Z3oEf/fsUepJfiWA2m0QKCAQEAkpWNZUZOTbk+konk\nM/56e3sHVqWFfrZG6plr0QqOxvkDNBMzupEi0rYTMeE33HjmZi+hr0Caj/ROE6a4\nMjZnpoSu06MzeUzgbEb23SLEbfqDixbAK7ULjkhDplTZvfidp6KiNgpMvEwBq4uJ\nLglGEXgi63AyK0bSN/0B0oPjFAhAHd5GpsHgXedID9BWtVYLsVwJRJmK5bXHYsYA\nmpmJ9rEx/vBOiwBdgJyrUtAPW5C+z0VYQsCW45zx5oRbW6Q92sAHu6mzgfbP9oOI\nEQcHKQB1HSK68vuPp0vSXi7oJrbVxfHr/bgULBff0IM+/E/tswjXU5vEHf+0BjmU\noKUzjwKCAQAnqLAeI+bHWBjZjKaNyqPpDTFKKtuKwd1pHXSz4Qa+URVz49XwdDR7\nu/5Z3v86UnHQxmxwXToFnLdvb3fglHf598MZEVKPj9lq0AB91FWQeTgyN6I6B4gO\nVXP6K9tUn1gsKrP1D0Q4A1Z3yDyr/Ud3qTH5WVxAfuMKOJaJTcYItJ+4SBygvhJT\nQO3Rm1QxAwoh0cspmabyiaGKkBK5nE7K61ugoK7sTv8diEvNw/EG8cS8l7fRWLvG\nROXOnfgXP0+IwjtbEJPfFMU0o13SNqBpG9QbM699Fpb5EEZxsSChxgUIlk7gbUqH\nYOxK6T1yJL9xHXhoW5tqVxriW6xJzBbBAoIBABz2ozSfD+2w0iWsmWh6sl7cjF8f\n4PoWCollyt2/vopZXCiJX+Ab9/cbbAsWbo9dRMWI0Vy8Yp3RHMaieyJC62SwIr72\nobsPYEp3eFO+IIWyUwKmaHrmuNZ5oMsMu0qPUkr1Zpfa+q/BbdwMlNPmDvghbt9g\nGZc0kCqWWUyz/HUU/UNwoaVowOJFPxFU3lxDltJgeok2lWAbOWeEym3VtEBAsUCn\niFRG/xmjxHyE+fy3QJXF5hoAMrKIF4Zc1r4LsIjFdJKYXYhdo3HD3cSBj6rtw0w7\nv7xZJlg5Hr27St5NaiMAKpyj+pxYa1FgaB3B/bc0XQgyFZ8riw8VjefgJas=\n-----END RSA PRIVATE KEY-----\n",
            "private_key_pem_pkcs8": "-----BEGIN PRIVATE KEY-----\nMIIJQgIBADANBgkqhkiG9w0BAQEFAASCCSwwggkoAgEAAoICAQCxWC/Ea/XbiLrc\nwF/jHkDFDCXNrr6e1nc+O3yPOyhyEQ2AEvUUCIXmr/dpVhsJaH62dZh5Wc5K5+KJ\nvMGt8JLkvJQlxAPsRiOSfGU9N5OtFuOoeWqyXwtbGPJl/978QquBtfr4774z4bV5\nafHROifKQGoTevcxDsg+WafsdHf3Fcrd10QaOFNyX08USubuxjWAA7N/17/uNtwZ\nwAOljZ48kKpUGRb0jCJzN2TyOQx3+f9ybyq/tnGUgVLAYyO0ENL67Ks7EWX1eOpI\n9rULoAZfCgC6YRnJ2gpqFYhxwx4p+Uj0yC5okOX1SJklwFY+hhJiKJBrKwNtV4Gh\nlqJKQQszlUBdkDSTjcWj32y4Gm4IyOQPZIYPU6NM8ioDOvvWq7osF+nx1AXxZvWw\nFIxhYaZma/RV8qFtt6FuuY3+bJ32MFBtaVoUflPj1Y/1U8iTor9zNk78Sdui7ae+\nogo2t1bQV5XDSVTxQus3OKydANdsxMkjF7zBEWac5Cv8e53qpQlz6sGxchHrdfzT\n0DyTe79dBFA8e4UOxtuIhPjxgHXiX4fu0/UOLjUbKKp9v45ozS+EEjMCDS42gmTj\nsIT7Ry09re7tC0LRmKbGmG0gxMB9rk0UxlcO9caOpuyOAblDrk5kZzLnUXLB31EM\njkH5qpFNf+ggn4T1v/oTHOX/WZs3ewIDAQABAoICAByhM/TtyN8MD76bf99WfvZQ\no7m0wCk8TjvJtq4Yysq/XgKTDOWTCqrXNYXX1L2MFQi3q0nL6bXGAZhi1JGUCOLM\nXs5J+qgmGpAHbQCY/EoxK8eC8mqhVV/7gwZcbE8lJDLogf+2FGqjwXw8UkGIteu8\nwmMqssVEsab/KlDN7KAC8KEno2LoPPB12npYLTfW38Qu1MeKuP1n9dhiWzRazHTS\nlezFsCMCjH01MCK6evzTax26PJh+h4+F4SoV1ym2nZjMpEgA4wjh4FCvI0MhLmYh\nY0SzcEpZ3NyLZV+YNEJqcBC0UGmpGraiZbbmegXV9xnJmqbyZrc8LT086C48meYQ\n6jxdE34jc5LKJkyKe1ngiRbgxmOTRaWr1tkAgBzOUY3ZQ/Y4ygnR+/4X2s9uf3Gr\n2RjeaeVOcVMtwCmzR7Mzu3xK0gWkokjG6/8lf/ws2Dpw0uR0r7PuaeNFWf9/wv4Q\ne7rkYBQccv32Snkk1mFd+AvBcGMSkzfZZodtK79hCOoug/mbmqIj97cMH+owVLSA\nziOZf/aCn04VzYVq8Z3FPVQioGJMjqCv4YzpMjIaud9rc2DSdRfv6vX2PSzAGL6c\n4T6ssSGoKY1ZO6r5zdd4du8NM+wil1LIddMKoCiMn1ucthZwry+mxGzj/ePN3G6p\nOfkTrQLM1Inmae3XQpqBAoIBAQDmx7wffER8JoZGS7JszrMVYUoibqMCbYOq6aXY\nkcZo7XJsu19gbcu2hu1fLxAwz1dwbPmBSkhvuT1uPbTqf2ZIrlgna7WQs7vkLJ45\nXRNL80qdHkiSM6qiyRmOak6NDiYFGyzeCZk6MDbzzMnZD9lMIVv0xvhQymN8Kr2F\n9eMbhDd1ymOF9yz8HgX8AUtwMkmcL6pMrm5vOv1wXDgqB2uRix6+c1fuuXhtIumO\nVaf+R1cy6mSGr+I2GvuJvWiaVZQKDFPIorIJRqSXL1bItqCSqM1KvPxNWyN72UQi\nX4vTsLHI6GDFm4kJzAh9OthJpNv2LQTneZZLe3I4huu2iGSLAoIBAQDEuYsZbA9o\nsBiGCSXK2sC/7KtGOP/gU90uK9NiAA0CFtwOcOIWrE/7+p1zC0JyldIGNH6ew1wN\nxYD4xVCvF1cCFmtwPF6S13vT2Xdkxdv5xqi31tpxMRnsQ/B93YoL1SesWZk5LxIL\ndlI3UE3lr53RqifjE99UJ3DyWhNpuSW3Mk8mhFG1BvUY8Tee1KHCmdTYoDj0Y9Zi\nIga/KMrxBdIaFV0Bjl5X2cdal6BSJpMBhtpg0BwT2h8jRya+RWtyJ1ldbZg+2wJl\nY61oGceHfOlw2jNx2etmCYjKRjXTqJ56H0n9lab/2SZM879vU8pG4eGTlnegR/9+\nxR6kl+JYDabRAoIBAQCSlY1lRk5NuT6SieQz/np7ewdWpYV+tkbqmWvRCo7G+QM0\nEzO6kSLSthMx4TfceOZmL6GvQJqP9E4TprgyNmemhK7TozN5TOBsRvbdIsRt+oOL\nFsArtQuOSEOmVNm9+J2noqI2Cky8TAGri4kuCUYReCLrcDIrRtI3/QHSg+MUCEAd\n3kamweBd50gP0Fa1VguxXAlEmYrltcdixgCamYn2sTH+8E6LAF2AnKtS0A9bkL7P\nRVhCwJbjnPHmhFtbpD3awAe7qbOB9s/2g4gRBwcpAHUdIrry+4+nS9JeLugmttXF\n8ev9uBQsF9/Qgz78T+2zCNdTm8Qd/7QGOZSgpTOPAoIBACeosB4j5sdYGNmMpo3K\no+kNMUoq24rB3WkddLPhBr5RFXPj1fB0NHu7/lne/zpScdDGbHBdOgWct29vd+CU\nd/n3wxkRUo+P2WrQAH3UVZB5ODI3ojoHiA5Vc/or21SfWCwqs/UPRDgDVnfIPKv9\nR3epMflZXEB+4wo4lolNxgi0n7hIHKC+ElNA7dGbVDEDCiHRyymZpvKJoYqQErmc\nTsrrW6CgruxO/x2IS83D8QbxxLyXt9FYu8ZE5c6d+Bc/T4jCO1sQk98UxTSjXdI2\noGkb1Bszr30WlvkQRnGxIKHGBQiWTuBtSodg7ErpPXIkv3EdeGhbm2pXGuJbrEnM\nFsECggEAHPajNJ8P7bDSJayZaHqyXtyMXx/g+hYKiWXK3b++illcKIlf4Bv39xts\nCxZuj11ExYjRXLxindEcxqJ7IkLrZLAivvahuw9gSnd4U74ghbJTAqZoeua41nmg\nywy7So9SSvVml9r6r8Ft3AyU0+YO+CFu32AZlzSQKpZZTLP8dRT9Q3ChpWjA4kU/\nEVTeXEOW0mB6iTaVYBs5Z4TKbdW0QECxQKeIVEb/GaPEfIT5/LdAlcXmGgAysogX\nhlzWvguwiMV0kphdiF2jccPdxIGPqu3DTDu/vFkmWDkevbtK3k1qIwAqnKP6nFhr\nUWBoHcH9tzRdCDIVnyuLDxWN5+Alqw==\n-----END PRIVATE KEY-----\n",
            "public_key_fingerprint_md5": "f4:16:c7:4a:70:d7:a3:d9:63:6e:23:02:d6:96:5c:f6",
            "public_key_fingerprint_sha256": "SHA256:Ly7RmnJhVDUx+BipRaj+eDQ+8ivG50kNCqhdnZbgT7c",
            "public_key_openssh": "ssh-rsa AAAAB3NzaC1yc2EAAAADAQABAAACAQCxWC/Ea/XbiLrcwF/jHkDFDCXNrr6e1nc+O3yPOyhyEQ2AEvUUCIXmr/dpVhsJaH62dZh5Wc5K5+KJvMGt8JLkvJQlxAPsRiOSfGU9N5OtFuOoeWqyXwtbGPJl/978QquBtfr4774z4bV5afHROifKQGoTevcxDsg+WafsdHf3Fcrd10QaOFNyX08USubuxjWAA7N/17/uNtwZwAOljZ48kKpUGRb0jCJzN2TyOQx3+f9ybyq/tnGUgVLAYyO0ENL67Ks7EWX1eOpI9rULoAZfCgC6YRnJ2gpqFYhxwx4p+Uj0yC5okOX1SJklwFY+hhJiKJBrKwNtV4GhlqJKQQszlUBdkDSTjcWj32y4Gm4IyOQPZIYPU6NM8ioDOvvWq7osF+nx1AXxZvWwFIxhYaZma/RV8qFtt6FuuY3+bJ32MFBtaVoUflPj1Y/1U8iTor9zNk78Sdui7ae+ogo2t1bQV5XDSVTxQus3OKydANdsxMkjF7zBEWac5Cv8e53qpQlz6sGxchHrdfzT0DyTe79dBFA8e4UOxtuIhPjxgHXiX4fu0/UOLjUbKKp9v45ozS+EEjMCDS42gmTjsIT7Ry09re7tC0LRmKbGmG0gxMB9rk0UxlcO9caOpuyOAblDrk5kZzLnUXLB31EMjkH5qpFNf+ggn4T1v/oTHOX/WZs3ew==\n",
            "public_key_pem": "-----BEGIN PUBLIC KEY-----\nMIICIjANBgkqhkiG9w0BAQEFAAOCAg8AMIICCgKCAgEAsVgvxGv124i63MBf4x5A\nxQwlza6+ntZ3Pjt8jzsochENgBL1FAiF5q/3aVYbCWh+tnWYeVnOSufiibzBrfCS\n5LyUJcQD7EYjknxlPTeTrRbjqHlqsl8LWxjyZf/e/EKrgbX6+O++M+G1eWnx0Ton\nykBqE3r3MQ7IPlmn7HR39xXK3ddEGjhTcl9PFErm7sY1gAOzf9e/7jbcGcADpY2e\nPJCqVBkW9Iwiczdk8jkMd/n/cm8qv7ZxlIFSwGMjtBDS+uyrOxFl9XjqSPa1C6AG\nXwoAumEZydoKahWIccMeKflI9MguaJDl9UiZJcBWPoYSYiiQaysDbVeBoZaiSkEL\nM5VAXZA0k43Fo99suBpuCMjkD2SGD1OjTPIqAzr71qu6LBfp8dQF8Wb1sBSMYWGm\nZmv0VfKhbbehbrmN/myd9jBQbWlaFH5T49WP9VPIk6K/czZO/Enbou2nvqIKNrdW\n0FeVw0lU8ULrNzisnQDXbMTJIxe8wRFmnOQr/Hud6qUJc+rBsXIR63X809A8k3u/\nXQRQPHuFDsbbiIT48YB14l+H7tP1Di41Gyiqfb+OaM0vhBIzAg0uNoJk47CE+0ct\nPa3u7QtC0ZimxphtIMTAfa5NFMZXDvXGjqbsjgG5Q65OZGcy51Fywd9RDI5B+aqR\nTX/oIJ+E9b/6Exzl/1mbN3sCAwEAAQ==\n-----END PUBLIC KEY-----\n",
            "rsa_bits": 4096
          },
          "sensitive_attributes": [
            [
              {
                "type": "get_attr",
                "value": "private_key_pem_pkcs8"
              }
            ],
            [
              {
                "type": "get_attr",
                "value": "private_key_openssh"
              }
            ],
            [
              {
                "type": "get_attr",
                "value": "private_key_pem"
              }
            ]
          ]
        }
      ]
    }
  ],
  "check_results": null
}
